// !$*UTF8*$!
{
	archiveVersion = 1;
	classes = {
	};
	objectVersion = 52;
	objects = {

/* Begin PBXBuildFile section */
		5D1C4AF2264725C7007488D5 /* Extentions.swift in Sources */ = {isa = PBXBuildFile; fileRef = 5D1C4AF1264725C7007488D5 /* Extentions.swift */; };
		5D3A35332647DFDA00FD451E /* SlotsManager.swift in Sources */ = {isa = PBXBuildFile; fileRef = 5D3A35322647DFDA00FD451E /* SlotsManager.swift */; };
		5D3A35362647E74900FD451E /* Currency.swift in Sources */ = {isa = PBXBuildFile; fileRef = 5D3A35352647E74900FD451E /* Currency.swift */; };
		5D3A35392647E7E500FD451E /* Storage.swift in Sources */ = {isa = PBXBuildFile; fileRef = 5D3A35382647E7E500FD451E /* Storage.swift */; };
		5D3A353C2647F17A00FD451E /* WebViewController.swift in Sources */ = {isa = PBXBuildFile; fileRef = 5D3A353B2647F17A00FD451E /* WebViewController.swift */; };
		5D48E7EE26485526006F495C /* WinCase.swift in Sources */ = {isa = PBXBuildFile; fileRef = 5D48E7ED26485526006F495C /* WinCase.swift */; };
		5D48E7F226485550006F495C /* SlotRepresentable.swift in Sources */ = {isa = PBXBuildFile; fileRef = 5D48E7F126485550006F495C /* SlotRepresentable.swift */; };
		5D48E7F526485575006F495C /* EmojiSlot.swift in Sources */ = {isa = PBXBuildFile; fileRef = 5D48E7F426485575006F495C /* EmojiSlot.swift */; };
		5D48E7F8264855A7006F495C /* ImageSlot.swift in Sources */ = {isa = PBXBuildFile; fileRef = 5D48E7F7264855A7006F495C /* ImageSlot.swift */; };
		5D70D7F5264697CF0023DD72 /* AppDelegate.swift in Sources */ = {isa = PBXBuildFile; fileRef = 5D70D7F4264697CF0023DD72 /* AppDelegate.swift */; };
		5D70D7F7264697CF0023DD72 /* SceneDelegate.swift in Sources */ = {isa = PBXBuildFile; fileRef = 5D70D7F6264697CF0023DD72 /* SceneDelegate.swift */; };
		5D70D7FC264697CF0023DD72 /* Main.storyboard in Resources */ = {isa = PBXBuildFile; fileRef = 5D70D7FA264697CF0023DD72 /* Main.storyboard */; };
		5D70D7FE264697D00023DD72 /* Assets.xcassets in Resources */ = {isa = PBXBuildFile; fileRef = 5D70D7FD264697D00023DD72 /* Assets.xcassets */; };
		5D70D801264697D00023DD72 /* LaunchScreen.storyboard in Resources */ = {isa = PBXBuildFile; fileRef = 5D70D7FF264697D00023DD72 /* LaunchScreen.storyboard */; };
		5D70D8112646E8FE0023DD72 /* MenuViewController.swift in Sources */ = {isa = PBXBuildFile; fileRef = 5D70D8102646E8FE0023DD72 /* MenuViewController.swift */; };
		5D8AFDCB2646FD2A0070D9E0 /* SlotMachineViewController.swift in Sources */ = {isa = PBXBuildFile; fileRef = 5D8AFDCA2646FD2A0070D9E0 /* SlotMachineViewController.swift */; };
		5D8AFDCE264702490070D9E0 /* SlotMachine.swift in Sources */ = {isa = PBXBuildFile; fileRef = 5D8AFDCD264702490070D9E0 /* SlotMachine.swift */; };
		5DBC277526481E220050B38E /* FacebookShare in Frameworks */ = {isa = PBXBuildFile; productRef = 5DBC277426481E220050B38E /* FacebookShare */; };
		5DBC277726481E220050B38E /* FacebookCore in Frameworks */ = {isa = PBXBuildFile; productRef = 5DBC277626481E220050B38E /* FacebookCore */; };
		5DBC277926481E220050B38E /* FacebookGamingServices in Frameworks */ = {isa = PBXBuildFile; productRef = 5DBC277826481E220050B38E /* FacebookGamingServices */; };
		5DBC277B26481E220050B38E /* FacebookLogin in Frameworks */ = {isa = PBXBuildFile; productRef = 5DBC277A26481E220050B38E /* FacebookLogin */; };
		5DBC2780264825C00050B38E /* YandexMobileMetricaCrashes in Frameworks */ = {isa = PBXBuildFile; productRef = 5DBC277F264825C00050B38E /* YandexMobileMetricaCrashes */; };
		5DBC2782264825C00050B38E /* YandexMobileMetrica in Frameworks */ = {isa = PBXBuildFile; productRef = 5DBC2781264825C00050B38E /* YandexMobileMetrica */; };
/* End PBXBuildFile section */

/* Begin PBXFileReference section */
		5D1C4AF1264725C7007488D5 /* Extentions.swift */ = {isa = PBXFileReference; lastKnownFileType = sourcecode.swift; path = Extentions.swift; sourceTree = "<group>"; };
		5D3A35322647DFDA00FD451E /* SlotsManager.swift */ = {isa = PBXFileReference; lastKnownFileType = sourcecode.swift; path = SlotsManager.swift; sourceTree = "<group>"; };
		5D3A35352647E74900FD451E /* Currency.swift */ = {isa = PBXFileReference; lastKnownFileType = sourcecode.swift; path = Currency.swift; sourceTree = "<group>"; };
		5D3A35382647E7E500FD451E /* Storage.swift */ = {isa = PBXFileReference; lastKnownFileType = sourcecode.swift; path = Storage.swift; sourceTree = "<group>"; };
		5D3A353B2647F17A00FD451E /* WebViewController.swift */ = {isa = PBXFileReference; lastKnownFileType = sourcecode.swift; path = WebViewController.swift; sourceTree = "<group>"; };
		5D48E7ED26485526006F495C /* WinCase.swift */ = {isa = PBXFileReference; lastKnownFileType = sourcecode.swift; path = WinCase.swift; sourceTree = "<group>"; };
		5D48E7F126485550006F495C /* SlotRepresentable.swift */ = {isa = PBXFileReference; lastKnownFileType = sourcecode.swift; path = SlotRepresentable.swift; sourceTree = "<group>"; };
		5D48E7F426485575006F495C /* EmojiSlot.swift */ = {isa = PBXFileReference; lastKnownFileType = sourcecode.swift; path = EmojiSlot.swift; sourceTree = "<group>"; };
		5D48E7F7264855A7006F495C /* ImageSlot.swift */ = {isa = PBXFileReference; lastKnownFileType = sourcecode.swift; path = ImageSlot.swift; sourceTree = "<group>"; };
		5D70D7F1264697CF0023DD72 /* Slot Machine.app */ = {isa = PBXFileReference; explicitFileType = wrapper.application; includeInIndex = 0; path = "Slot Machine.app"; sourceTree = BUILT_PRODUCTS_DIR; };
		5D70D7F4264697CF0023DD72 /* AppDelegate.swift */ = {isa = PBXFileReference; lastKnownFileType = sourcecode.swift; path = AppDelegate.swift; sourceTree = "<group>"; };
		5D70D7F6264697CF0023DD72 /* SceneDelegate.swift */ = {isa = PBXFileReference; lastKnownFileType = sourcecode.swift; path = SceneDelegate.swift; sourceTree = "<group>"; };
		5D70D7FB264697CF0023DD72 /* Base */ = {isa = PBXFileReference; lastKnownFileType = file.storyboard; name = Base; path = Base.lproj/Main.storyboard; sourceTree = "<group>"; };
		5D70D7FD264697D00023DD72 /* Assets.xcassets */ = {isa = PBXFileReference; lastKnownFileType = folder.assetcatalog; path = Assets.xcassets; sourceTree = "<group>"; };
		5D70D800264697D00023DD72 /* Base */ = {isa = PBXFileReference; lastKnownFileType = file.storyboard; name = Base; path = Base.lproj/LaunchScreen.storyboard; sourceTree = "<group>"; };
		5D70D802264697D00023DD72 /* Info.plist */ = {isa = PBXFileReference; lastKnownFileType = text.plist.xml; path = Info.plist; sourceTree = "<group>"; };
		5D70D8102646E8FE0023DD72 /* MenuViewController.swift */ = {isa = PBXFileReference; lastKnownFileType = sourcecode.swift; path = MenuViewController.swift; sourceTree = "<group>"; };
		5D8AFDCA2646FD2A0070D9E0 /* SlotMachineViewController.swift */ = {isa = PBXFileReference; lastKnownFileType = sourcecode.swift; path = SlotMachineViewController.swift; sourceTree = "<group>"; };
		5D8AFDCD264702490070D9E0 /* SlotMachine.swift */ = {isa = PBXFileReference; lastKnownFileType = sourcecode.swift; path = SlotMachine.swift; sourceTree = "<group>"; };
/* End PBXFileReference section */

/* Begin PBXFrameworksBuildPhase section */
		5D70D7EE264697CF0023DD72 /* Frameworks */ = {
			isa = PBXFrameworksBuildPhase;
			buildActionMask = 2147483647;
			files = (
				5DBC2780264825C00050B38E /* YandexMobileMetricaCrashes in Frameworks */,
				5DBC277B26481E220050B38E /* FacebookLogin in Frameworks */,
				5DBC277926481E220050B38E /* FacebookGamingServices in Frameworks */,
				5DBC2782264825C00050B38E /* YandexMobileMetrica in Frameworks */,
				5DBC277526481E220050B38E /* FacebookShare in Frameworks */,
				5DBC277726481E220050B38E /* FacebookCore in Frameworks */,
			);
			runOnlyForDeploymentPostprocessing = 0;
		};
/* End PBXFrameworksBuildPhase section */

/* Begin PBXGroup section */
		5D48E7EC264854C1006F495C /* View Controllers */ = {
			isa = PBXGroup;
			children = (
				5D3A353B2647F17A00FD451E /* WebViewController.swift */,
				5D70D8102646E8FE0023DD72 /* MenuViewController.swift */,
				5D8AFDCA2646FD2A0070D9E0 /* SlotMachineViewController.swift */,
			);
			path = "View Controllers";
			sourceTree = "<group>";
		};
		5D48E7FA264855FE006F495C /* Slot Machines */ = {
			isa = PBXGroup;
			children = (
				5D3A35322647DFDA00FD451E /* SlotsManager.swift */,
				5D8AFDCD264702490070D9E0 /* SlotMachine.swift */,
				5D48E7ED26485526006F495C /* WinCase.swift */,
				5D48E7FD26485626006F495C /* Slots */,
			);
			path = "Slot Machines";
			sourceTree = "<group>";
		};
		5D48E7FD26485626006F495C /* Slots */ = {
			isa = PBXGroup;
			children = (
				5D48E7F126485550006F495C /* SlotRepresentable.swift */,
				5D48E7F426485575006F495C /* EmojiSlot.swift */,
				5D48E7F7264855A7006F495C /* ImageSlot.swift */,
			);
			path = Slots;
			sourceTree = "<group>";
		};
		5D70D7E8264697CF0023DD72 = {
			isa = PBXGroup;
			children = (
				5D70D7F3264697CF0023DD72 /* Slot Machine */,
				5D70D7F2264697CF0023DD72 /* Products */,
			);
			sourceTree = "<group>";
		};
		5D70D7F2264697CF0023DD72 /* Products */ = {
			isa = PBXGroup;
			children = (
				5D70D7F1264697CF0023DD72 /* Slot Machine.app */,
			);
			name = Products;
			sourceTree = "<group>";
		};
		5D70D7F3264697CF0023DD72 /* Slot Machine */ = {
			isa = PBXGroup;
			children = (
				5D70D802264697D00023DD72 /* Info.plist */,
				5D70D7F4264697CF0023DD72 /* AppDelegate.swift */,
				5D70D7F6264697CF0023DD72 /* SceneDelegate.swift */,
				5D70D7FA264697CF0023DD72 /* Main.storyboard */,
				5D48E7EC264854C1006F495C /* View Controllers */,
				5D48E7FA264855FE006F495C /* Slot Machines */,
				5D3A35382647E7E500FD451E /* Storage.swift */,
				5D3A35352647E74900FD451E /* Currency.swift */,
				5D1C4AF1264725C7007488D5 /* Extentions.swift */,
				5D70D7FD264697D00023DD72 /* Assets.xcassets */,
				5D70D7FF264697D00023DD72 /* LaunchScreen.storyboard */,
			);
			path = "Slot Machine";
			sourceTree = "<group>";
		};
/* End PBXGroup section */

/* Begin PBXNativeTarget section */
		5D70D7F0264697CF0023DD72 /* Slot Machine */ = {
			isa = PBXNativeTarget;
			buildConfigurationList = 5D70D805264697D00023DD72 /* Build configuration list for PBXNativeTarget "Slot Machine" */;
			buildPhases = (
				5D70D7ED264697CF0023DD72 /* Sources */,
				5D70D7EE264697CF0023DD72 /* Frameworks */,
				5D70D7EF264697CF0023DD72 /* Resources */,
			);
			buildRules = (
			);
			dependencies = (
			);
			name = "Slot Machine";
			packageProductDependencies = (
				5DBC277426481E220050B38E /* FacebookShare */,
				5DBC277626481E220050B38E /* FacebookCore */,
				5DBC277826481E220050B38E /* FacebookGamingServices */,
				5DBC277A26481E220050B38E /* FacebookLogin */,
				5DBC277F264825C00050B38E /* YandexMobileMetricaCrashes */,
				5DBC2781264825C00050B38E /* YandexMobileMetrica */,
			);
			productName = "Slot Machine";
			productReference = 5D70D7F1264697CF0023DD72 /* Slot Machine.app */;
			productType = "com.apple.product-type.application";
		};
/* End PBXNativeTarget section */

/* Begin PBXProject section */
		5D70D7E9264697CF0023DD72 /* Project object */ = {
			isa = PBXProject;
			attributes = {
				LastSwiftUpdateCheck = 1240;
				LastUpgradeCheck = 1240;
				TargetAttributes = {
					5D70D7F0264697CF0023DD72 = {
						CreatedOnToolsVersion = 12.4;
					};
				};
			};
			buildConfigurationList = 5D70D7EC264697CF0023DD72 /* Build configuration list for PBXProject "Slot Machine" */;
			compatibilityVersion = "Xcode 9.3";
			developmentRegion = en;
			hasScannedForEncodings = 0;
			knownRegions = (
				en,
				Base,
			);
			mainGroup = 5D70D7E8264697CF0023DD72;
			packageReferences = (
				5DBC277326481E220050B38E /* XCRemoteSwiftPackageReference "facebook-ios-sdk" */,
				5DBC277E264825C00050B38E /* XCRemoteSwiftPackageReference "metrica-sdk-ios" */,
			);
			productRefGroup = 5D70D7F2264697CF0023DD72 /* Products */;
			projectDirPath = "";
			projectRoot = "";
			targets = (
				5D70D7F0264697CF0023DD72 /* Slot Machine */,
			);
		};
/* End PBXProject section */

/* Begin PBXResourcesBuildPhase section */
		5D70D7EF264697CF0023DD72 /* Resources */ = {
			isa = PBXResourcesBuildPhase;
			buildActionMask = 2147483647;
			files = (
				5D70D801264697D00023DD72 /* LaunchScreen.storyboard in Resources */,
				5D70D7FE264697D00023DD72 /* Assets.xcassets in Resources */,
				5D70D7FC264697CF0023DD72 /* Main.storyboard in Resources */,
			);
			runOnlyForDeploymentPostprocessing = 0;
		};
/* End PBXResourcesBuildPhase section */

/* Begin PBXSourcesBuildPhase section */
		5D70D7ED264697CF0023DD72 /* Sources */ = {
			isa = PBXSourcesBuildPhase;
			buildActionMask = 2147483647;
			files = (
				5D48E7F226485550006F495C /* SlotRepresentable.swift in Sources */,
				5D70D8112646E8FE0023DD72 /* MenuViewController.swift in Sources */,
				5D48E7EE26485526006F495C /* WinCase.swift in Sources */,
				5D3A35332647DFDA00FD451E /* SlotsManager.swift in Sources */,
				5D70D7F5264697CF0023DD72 /* AppDelegate.swift in Sources */,
				5D3A353C2647F17A00FD451E /* WebViewController.swift in Sources */,
				5D1C4AF2264725C7007488D5 /* Extentions.swift in Sources */,
				5D48E7F8264855A7006F495C /* ImageSlot.swift in Sources */,
				5D3A35362647E74900FD451E /* Currency.swift in Sources */,
				5D3A35392647E7E500FD451E /* Storage.swift in Sources */,
				5D48E7F526485575006F495C /* EmojiSlot.swift in Sources */,
				5D70D7F7264697CF0023DD72 /* SceneDelegate.swift in Sources */,
				5D8AFDCB2646FD2A0070D9E0 /* SlotMachineViewController.swift in Sources */,
				5D8AFDCE264702490070D9E0 /* SlotMachine.swift in Sources */,
			);
			runOnlyForDeploymentPostprocessing = 0;
		};
/* End PBXSourcesBuildPhase section */

/* Begin PBXVariantGroup section */
		5D70D7FA264697CF0023DD72 /* Main.storyboard */ = {
			isa = PBXVariantGroup;
			children = (
				5D70D7FB264697CF0023DD72 /* Base */,
			);
			name = Main.storyboard;
			sourceTree = "<group>";
		};
		5D70D7FF264697D00023DD72 /* LaunchScreen.storyboard */ = {
			isa = PBXVariantGroup;
			children = (
				5D70D800264697D00023DD72 /* Base */,
			);
			name = LaunchScreen.storyboard;
			sourceTree = "<group>";
		};
/* End PBXVariantGroup section */

/* Begin XCBuildConfiguration section */
		5D70D803264697D00023DD72 /* Debug */ = {
			isa = XCBuildConfiguration;
			buildSettings = {
				ALWAYS_SEARCH_USER_PATHS = NO;
				CLANG_ANALYZER_NONNULL = YES;
				CLANG_ANALYZER_NUMBER_OBJECT_CONVERSION = YES_AGGRESSIVE;
				CLANG_CXX_LANGUAGE_STANDARD = "gnu++14";
				CLANG_CXX_LIBRARY = "libc++";
				CLANG_ENABLE_MODULES = YES;
				CLANG_ENABLE_OBJC_ARC = YES;
				CLANG_ENABLE_OBJC_WEAK = YES;
				CLANG_WARN_BLOCK_CAPTURE_AUTORELEASING = YES;
				CLANG_WARN_BOOL_CONVERSION = YES;
				CLANG_WARN_COMMA = YES;
				CLANG_WARN_CONSTANT_CONVERSION = YES;
				CLANG_WARN_DEPRECATED_OBJC_IMPLEMENTATIONS = YES;
				CLANG_WARN_DIRECT_OBJC_ISA_USAGE = YES_ERROR;
				CLANG_WARN_DOCUMENTATION_COMMENTS = YES;
				CLANG_WARN_EMPTY_BODY = YES;
				CLANG_WARN_ENUM_CONVERSION = YES;
				CLANG_WARN_INFINITE_RECURSION = YES;
				CLANG_WARN_INT_CONVERSION = YES;
				CLANG_WARN_NON_LITERAL_NULL_CONVERSION = YES;
				CLANG_WARN_OBJC_IMPLICIT_RETAIN_SELF = YES;
				CLANG_WARN_OBJC_LITERAL_CONVERSION = YES;
				CLANG_WARN_OBJC_ROOT_CLASS = YES_ERROR;
				CLANG_WARN_QUOTED_INCLUDE_IN_FRAMEWORK_HEADER = YES;
				CLANG_WARN_RANGE_LOOP_ANALYSIS = YES;
				CLANG_WARN_STRICT_PROTOTYPES = YES;
				CLANG_WARN_SUSPICIOUS_MOVE = YES;
				CLANG_WARN_UNGUARDED_AVAILABILITY = YES_AGGRESSIVE;
				CLANG_WARN_UNREACHABLE_CODE = YES;
				CLANG_WARN__DUPLICATE_METHOD_MATCH = YES;
				COPY_PHASE_STRIP = NO;
				DEBUG_INFORMATION_FORMAT = dwarf;
				ENABLE_STRICT_OBJC_MSGSEND = YES;
				ENABLE_TESTABILITY = YES;
				GCC_C_LANGUAGE_STANDARD = gnu11;
				GCC_DYNAMIC_NO_PIC = NO;
				GCC_NO_COMMON_BLOCKS = YES;
				GCC_OPTIMIZATION_LEVEL = 0;
				GCC_PREPROCESSOR_DEFINITIONS = (
					"DEBUG=1",
					"$(inherited)",
				);
				GCC_WARN_64_TO_32_BIT_CONVERSION = YES;
				GCC_WARN_ABOUT_RETURN_TYPE = YES_ERROR;
				GCC_WARN_UNDECLARED_SELECTOR = YES;
				GCC_WARN_UNINITIALIZED_AUTOS = YES_AGGRESSIVE;
				GCC_WARN_UNUSED_FUNCTION = YES;
				GCC_WARN_UNUSED_VARIABLE = YES;
				IPHONEOS_DEPLOYMENT_TARGET = 14.4;
				MTL_ENABLE_DEBUG_INFO = INCLUDE_SOURCE;
				MTL_FAST_MATH = YES;
				ONLY_ACTIVE_ARCH = YES;
				SDKROOT = iphoneos;
				SWIFT_ACTIVE_COMPILATION_CONDITIONS = DEBUG;
				SWIFT_OPTIMIZATION_LEVEL = "-Onone";
			};
			name = Debug;
		};
		5D70D804264697D00023DD72 /* Release */ = {
			isa = XCBuildConfiguration;
			buildSettings = {
				ALWAYS_SEARCH_USER_PATHS = NO;
				CLANG_ANALYZER_NONNULL = YES;
				CLANG_ANALYZER_NUMBER_OBJECT_CONVERSION = YES_AGGRESSIVE;
				CLANG_CXX_LANGUAGE_STANDARD = "gnu++14";
				CLANG_CXX_LIBRARY = "libc++";
				CLANG_ENABLE_MODULES = YES;
				CLANG_ENABLE_OBJC_ARC = YES;
				CLANG_ENABLE_OBJC_WEAK = YES;
				CLANG_WARN_BLOCK_CAPTURE_AUTORELEASING = YES;
				CLANG_WARN_BOOL_CONVERSION = YES;
				CLANG_WARN_COMMA = YES;
				CLANG_WARN_CONSTANT_CONVERSION = YES;
				CLANG_WARN_DEPRECATED_OBJC_IMPLEMENTATIONS = YES;
				CLANG_WARN_DIRECT_OBJC_ISA_USAGE = YES_ERROR;
				CLANG_WARN_DOCUMENTATION_COMMENTS = YES;
				CLANG_WARN_EMPTY_BODY = YES;
				CLANG_WARN_ENUM_CONVERSION = YES;
				CLANG_WARN_INFINITE_RECURSION = YES;
				CLANG_WARN_INT_CONVERSION = YES;
				CLANG_WARN_NON_LITERAL_NULL_CONVERSION = YES;
				CLANG_WARN_OBJC_IMPLICIT_RETAIN_SELF = YES;
				CLANG_WARN_OBJC_LITERAL_CONVERSION = YES;
				CLANG_WARN_OBJC_ROOT_CLASS = YES_ERROR;
				CLANG_WARN_QUOTED_INCLUDE_IN_FRAMEWORK_HEADER = YES;
				CLANG_WARN_RANGE_LOOP_ANALYSIS = YES;
				CLANG_WARN_STRICT_PROTOTYPES = YES;
				CLANG_WARN_SUSPICIOUS_MOVE = YES;
				CLANG_WARN_UNGUARDED_AVAILABILITY = YES_AGGRESSIVE;
				CLANG_WARN_UNREACHABLE_CODE = YES;
				CLANG_WARN__DUPLICATE_METHOD_MATCH = YES;
				COPY_PHASE_STRIP = NO;
				DEBUG_INFORMATION_FORMAT = "dwarf-with-dsym";
				ENABLE_NS_ASSERTIONS = NO;
				ENABLE_STRICT_OBJC_MSGSEND = YES;
				GCC_C_LANGUAGE_STANDARD = gnu11;
				GCC_NO_COMMON_BLOCKS = YES;
				GCC_WARN_64_TO_32_BIT_CONVERSION = YES;
				GCC_WARN_ABOUT_RETURN_TYPE = YES_ERROR;
				GCC_WARN_UNDECLARED_SELECTOR = YES;
				GCC_WARN_UNINITIALIZED_AUTOS = YES_AGGRESSIVE;
				GCC_WARN_UNUSED_FUNCTION = YES;
				GCC_WARN_UNUSED_VARIABLE = YES;
				IPHONEOS_DEPLOYMENT_TARGET = 14.4;
				MTL_ENABLE_DEBUG_INFO = NO;
				MTL_FAST_MATH = YES;
				SDKROOT = iphoneos;
				SWIFT_COMPILATION_MODE = wholemodule;
				SWIFT_OPTIMIZATION_LEVEL = "-O";
				VALIDATE_PRODUCT = YES;
			};
			name = Release;
		};
		5D70D806264697D00023DD72 /* Debug */ = {
			isa = XCBuildConfiguration;
			buildSettings = {
				ASSETCATALOG_COMPILER_APPICON_NAME = AppIcon;
				ASSETCATALOG_COMPILER_GLOBAL_ACCENT_COLOR_NAME = AccentColor;
				CODE_SIGN_STYLE = Automatic;
				DEVELOPMENT_TEAM = 3G24782ZXQ;
				INFOPLIST_FILE = "Slot Machine/Info.plist";
				IPHONEOS_DEPLOYMENT_TARGET = 13.0;
				LD_RUNPATH_SEARCH_PATHS = (
					"$(inherited)",
					"@executable_path/Frameworks",
				);
				PRODUCT_BUNDLE_IDENTIFIER = "com.pirogman.Slot-Machine";
				PRODUCT_NAME = "$(TARGET_NAME)";
				SWIFT_VERSION = 5.0;
				TARGETED_DEVICE_FAMILY = 1;
			};
			name = Debug;
		};
		5D70D807264697D00023DD72 /* Release */ = {
			isa = XCBuildConfiguration;
			buildSettings = {
				ASSETCATALOG_COMPILER_APPICON_NAME = AppIcon;
				ASSETCATALOG_COMPILER_GLOBAL_ACCENT_COLOR_NAME = AccentColor;
				CODE_SIGN_STYLE = Automatic;
				DEVELOPMENT_TEAM = 3G24782ZXQ;
				INFOPLIST_FILE = "Slot Machine/Info.plist";
				IPHONEOS_DEPLOYMENT_TARGET = 13.0;
				LD_RUNPATH_SEARCH_PATHS = (
					"$(inherited)",
					"@executable_path/Frameworks",
				);
				PRODUCT_BUNDLE_IDENTIFIER = "com.pirogman.Slot-Machine";
				PRODUCT_NAME = "$(TARGET_NAME)";
				SWIFT_VERSION = 5.0;
				TARGETED_DEVICE_FAMILY = 1;
			};
			name = Release;
		};
/* End XCBuildConfiguration section */

/* Begin XCConfigurationList section */
		5D70D7EC264697CF0023DD72 /* Build configuration list for PBXProject "Slot Machine" */ = {
			isa = XCConfigurationList;
			buildConfigurations = (
				5D70D803264697D00023DD72 /* Debug */,
				5D70D804264697D00023DD72 /* Release */,
			);
			defaultConfigurationIsVisible = 0;
			defaultConfigurationName = Release;
		};
		5D70D805264697D00023DD72 /* Build configuration list for PBXNativeTarget "Slot Machine" */ = {
			isa = XCConfigurationList;
			buildConfigurations = (
				5D70D806264697D00023DD72 /* Debug */,
				5D70D807264697D00023DD72 /* Release */,
			);
			defaultConfigurationIsVisible = 0;
			defaultConfigurationName = Release;
		};
/* End XCConfigurationList section */

/* Begin XCRemoteSwiftPackageReference section */
		5DBC277326481E220050B38E /* XCRemoteSwiftPackageReference "facebook-ios-sdk" */ = {
			isa = XCRemoteSwiftPackageReference;
			repositoryURL = "https://github.com/facebook/facebook-ios-sdk";
			requirement = {
				kind = upToNextMajorVersion;
				minimumVersion = 9.3.0;
			};
		};
		5DBC277E264825C00050B38E /* XCRemoteSwiftPackageReference "metrica-sdk-ios" */ = {
			isa = XCRemoteSwiftPackageReference;
			repositoryURL = "https://github.com/yandexmobile/metrica-sdk-ios";
			requirement = {
				kind = upToNextMajorVersion;
				minimumVersion = 3.15.1;
			};
		};
/* End XCRemoteSwiftPackageReference section */

/* Begin XCSwiftPackageProductDependency section */
		5DBC277426481E220050B38E /* FacebookShare */ = {
			isa = XCSwiftPackageProductDependency;
			package = 5DBC277326481E220050B38E /* XCRemoteSwiftPackageReference "facebook-ios-sdk" */;
			productName = FacebookShare;
		};
		5DBC277626481E220050B38E /* FacebookCore */ = {
			isa = XCSwiftPackageProductDependency;
			package = 5DBC277326481E220050B38E /* XCRemoteSwiftPackageReference "facebook-ios-sdk" */;
			productName = FacebookCore;
		};
		5DBC277826481E220050B38E /* FacebookGamingServices */ = {
			isa = XCSwiftPackageProductDependency;
			package = 5DBC277326481E220050B38E /* XCRemoteSwiftPackageReference "facebook-ios-sdk" */;
			productName = FacebookGamingServices;
		};
		5DBC277A26481E220050B38E /* FacebookLogin */ = {
			isa = XCSwiftPackageProductDependency;
			package = 5DBC277326481E220050B38E /* XCRemoteSwiftPackageReference "facebook-ios-sdk" */;
			productName = FacebookLogin;
		};
		5DBC277F264825C00050B38E /* YandexMobileMetricaCrashes */ = {
			isa = XCSwiftPackageProductDependency;
			package = 5DBC277E264825C00050B38E /* XCRemoteSwiftPackageReference "metrica-sdk-ios" */;
			productName = YandexMobileMetricaCrashes;
		};
		5DBC2781264825C00050B38E /* YandexMobileMetrica */ = {
			isa = XCSwiftPackageProductDependency;
			package = 5DBC277E264825C00050B38E /* XCRemoteSwiftPackageReference "metrica-sdk-ios" */;
			productName = YandexMobileMetrica;
		};
/* End XCSwiftPackageProductDependency section */
	};
	rootObject = 5D70D7E9264697CF0023DD72 /* Project object */;
}
